[[package]]
name = "colorama"
version = "0.4.5"
description = "Cross-platform colored terminal text."
category = "main"
optional = false
python-versions = ">=2.7, !=3.0.*, !=3.1.*, !=3.2.*, !=3.3.*, !=3.4.*"

[[package]]
name = "numpy"
version = "1.23.2"
description = "NumPy is the fundamental package for array computing with Python."
category = "main"
optional = false
python-versions = ">=3.8"

[[package]]
name = "opencv-python"
version = "4.6.0.66"
description = "Wrapper package for OpenCV python bindings."
category = "main"
optional = false
python-versions = ">=3.6"

[package.dependencies]
numpy = [
    {version = ">=1.19.3", markers = "python_version >= \"3.9\" or python_version >= \"3.6\" and platform_system == \"Linux\" and platform_machine == \"aarch64\""},
    {version = ">=1.17.3", markers = "python_version >= \"3.8\""},
    {version = ">=1.14.5", markers = "python_version >= \"3.7\""},
    {version = ">=1.21.2", markers = "python_version >= \"3.6\" and platform_system == \"Darwin\" and platform_machine == \"arm64\" or python_version >= \"3.10\""},
]

[[package]]
name = "scipy"
version = "1.9.0"
description = "SciPy: Scientific Library for Python"
category = "main"
optional = false
python-versions = ">=3.8,<3.12"

[package.dependencies]
numpy = ">=1.18.5,<1.25.0"

[[package]]
name = "tqdm"
version = "4.64.0"
description = "Fast, Extensible Progress Meter"
category = "main"
optional = false
python-versions = "!=3.0.*,!=3.1.*,!=3.2.*,!=3.3.*,>=2.7"

[package.dependencies]
colorama = {version = "*", markers = "platform_system == \"Windows\""}

[package.extras]
dev = ["py-make (>=0.1.0)", "twine", "wheel"]
notebook = ["ipywidgets (>=6)"]
slack = ["slack-sdk"]
telegram = ["requests"]

[metadata]
lock-version = "1.1"
python-versions = ">=3.10,<3.12"
content-hash = "4381c2a25917e4be91f1638c89dd0ce5432dde146ed2cc4a98328b445087199a"

[metadata.files]
colorama = []
numpy = []
opencv-python = []
scipy = []
tqdm = [
    {file = "tqdm-4.64.0-py2.py3-none-any.whl", hash = "sha256:74a2cdefe14d11442cedf3ba4e21a3b84ff9a2dbdc6cfae2c34addb2a14a5ea6"},
    {file = "tqdm-4.64.0.tar.gz", hash = "sha256:40be55d30e200777a307a7585aee69e4eabb46b4ec6a4b4a5f2d9f11e7d5408d"},
]
